<Solution>
  <Project Path="Datos/Datos.csproj" Id="62ff2230-10f4-4fb0-9f24-2f3a3a12b563" />
  <Project Path="Entidades/Entidades.csproj" Id="bc53894c-c58a-4372-9712-36aa78d05c06" />
  <Project Path="Negocio/Negocio.csproj" Id="91eb8890-bfd1-4423-9d9f-757271e323d4" />
  <Project Path="Vistas/Vistas.csproj" Id="65033fe9-faa2-4b85-9fc9-9bd08c4002cd" />
</Solution>
